
Microsoft Visual Studio Solution File, Format Version 12.00
# Visual Studio 15
Project("{FAE04EC0-301F-11D3-BF4B-00C04F79EFBC}") = "hello_world", "hello_world\hello_world.csproj", "{8CA336E4-9FE0-4E9C-80B1-2C00954D85C6}"
EndProject
Global
	GlobalSection(SolutionConfigurationPlatforms) = preSolution
		Debug|anycpu = Debug|anycpu
		Release|anycpu = Release|anycpu
	EndGlobalSection
	GlobalSection(ProjectConfigurationPlatforms) = postSolution
		{8CA336E4-9FE0-4E9C-80B1-2C00954D85C6}.Debug|anycpu.ActiveCfg = Debug|anycpu
		{8CA336E4-9FE0-4E9C-80B1-2C00954D85C6}.Debug|anycpu.Build.0 = Debug|anycpu
		{8CA336E4-9FE0-4E9C-80B1-2C00954D85C6}.Release|anycpu.ActiveCfg = Release|anycpu
		{8CA336E4-9FE0-4E9C-80B1-2C00954D85C6}.Release|anycpu.Build.0 = Release|anycpu
	EndGlobalSection
EndGlobal
